
Microsoft Visual Studio Solution File, Format Version 12.00
# Visual Studio Version 16
VisualStudioVersion = 25.0.1704.4
MinimumVisualStudioVersion = 10.0.40219.1
Project("{FAE04EC0-301F-11D3-BF4B-00C04F79EFBC}") = "TestOldPhonePad", "TestOldPhonePad\TestOldPhonePad.csproj", "{609CCF7C-7F38-4C24-9822-C2CB8E04B740}"
EndProject
Project("{FAE04EC0-301F-11D3-BF4B-00C04F79EFBC}") = "OldPhonePad", "OldPhonePad\OldPhonePad.csproj", "{96B4D8FE-AF2A-4782-B47B-EB97A1D6DD00}"
EndProject
Global
	GlobalSection(SolutionConfigurationPlatforms) = preSolution
		Debug|Any CPU = Debug|Any CPU
		Release|Any CPU = Release|Any CPU
	EndGlobalSection
	GlobalSection(ProjectConfigurationPlatforms) = postSolution
		{609CCF7C-7F38-4C24-9822-C2CB8E04B740}.Debug|Any CPU.ActiveCfg = Debug|Any CPU
		{609CCF7C-7F38-4C24-9822-C2CB8E04B740}.Debug|Any CPU.Build.0 = Debug|Any CPU
		{609CCF7C-7F38-4C24-9822-C2CB8E04B740}.Release|Any CPU.ActiveCfg = Release|Any CPU
		{609CCF7C-7F38-4C24-9822-C2CB8E04B740}.Release|Any CPU.Build.0 = Release|Any CPU
		{96B4D8FE-AF2A-4782-B47B-EB97A1D6DD00}.Debug|Any CPU.ActiveCfg = Debug|Any CPU
		{96B4D8FE-AF2A-4782-B47B-EB97A1D6DD00}.Debug|Any CPU.Build.0 = Debug|Any CPU
		{96B4D8FE-AF2A-4782-B47B-EB97A1D6DD00}.Release|Any CPU.ActiveCfg = Release|Any CPU
		{96B4D8FE-AF2A-4782-B47B-EB97A1D6DD00}.Release|Any CPU.Build.0 = Release|Any CPU
	EndGlobalSection
	GlobalSection(SolutionProperties) = preSolution
		HideSolutionNode = FALSE
	EndGlobalSection
	GlobalSection(ExtensibilityGlobals) = postSolution
		SolutionGuid = {8F89B0AA-3EB9-4F49-87B0-7C3C46559FC8}
	EndGlobalSection
EndGlobal
